
Microsoft Visual Studio Solution File, Format Version 12.00
# Visual Studio 15
VisualStudioVersion = 15.0.27428.2002
MinimumVisualStudioVersion = 10.0.40219.1
Project("{9A19103F-16F7-4668-BE54-9A1E7A4F7556}") = "ServiceBusExample", "ServiceBusExample\ServiceBusExample.csproj", "{ABFD65F8-35D8-433F-8AB4-44362E45C27A}"
EndProject
Project("{2150E333-8FDC-42A3-9474-1A3956D46DE8}") = "Solution Items", "Solution Items", "{780556E5-977D-453E-95AD-B80F95A4B1C3}"
	ProjectSection(SolutionItems) = preProject
		README.md = README.md
	EndProjectSection
EndProject
Project("{FAE04EC0-301F-11D3-BF4B-00C04F79EFBC}") = "FunctionsExample", "FunctionsExample\FunctionsExample.csproj", "{5F9C0D76-1E02-400D-996E-10D63BC7B8FD}"
EndProject
Global
	GlobalSection(SolutionConfigurationPlatforms) = preSolution
		Debug|Any CPU = Debug|Any CPU
		Release|Any CPU = Release|Any CPU
	EndGlobalSection
	GlobalSection(ProjectConfigurationPlatforms) = postSolution
		{ABFD65F8-35D8-433F-8AB4-44362E45C27A}.Debug|Any CPU.ActiveCfg = Debug|Any CPU
		{ABFD65F8-35D8-433F-8AB4-44362E45C27A}.Debug|Any CPU.Build.0 = Debug|Any CPU
		{ABFD65F8-35D8-433F-8AB4-44362E45C27A}.Release|Any CPU.ActiveCfg = Release|Any CPU
		{ABFD65F8-35D8-433F-8AB4-44362E45C27A}.Release|Any CPU.Build.0 = Release|Any CPU
		{5F9C0D76-1E02-400D-996E-10D63BC7B8FD}.Debug|Any CPU.ActiveCfg = Debug|Any CPU
		{5F9C0D76-1E02-400D-996E-10D63BC7B8FD}.Debug|Any CPU.Build.0 = Debug|Any CPU
		{5F9C0D76-1E02-400D-996E-10D63BC7B8FD}.Release|Any CPU.ActiveCfg = Release|Any CPU
		{5F9C0D76-1E02-400D-996E-10D63BC7B8FD}.Release|Any CPU.Build.0 = Release|Any CPU
	EndGlobalSection
	GlobalSection(SolutionProperties) = preSolution
		HideSolutionNode = FALSE
	EndGlobalSection
	GlobalSection(ExtensibilityGlobals) = postSolution
		SolutionGuid = {A769047A-1F97-4AAA-BCF8-10AF88483A09}
	EndGlobalSection
EndGlobal
